
Microsoft Visual Studio Solution File, Format Version 12.00
# Visual Studio Version 17
VisualStudioVersion = 17.3.32922.545
MinimumVisualStudioVersion = 10.0.40219.1
Project("{FAE04EC0-301F-11D3-BF4B-00C04F79EFBC}") = "SingalRServerExample", "SingalRServerExample\SingalRServerExample.csproj", "{2441379F-3191-4366-904A-31D29EBEA729}"
EndProject
Global
	GlobalSection(SolutionConfigurationPlatforms) = preSolution
		Debug|Any CPU = Debug|Any CPU
		Release|Any CPU = Release|Any CPU
	EndGlobalSection
	GlobalSection(ProjectConfigurationPlatforms) = postSolution
		{2441379F-3191-4366-904A-31D29EBEA729}.Debug|Any CPU.ActiveCfg = Debug|Any CPU
		{2441379F-3191-4366-904A-31D29EBEA729}.Debug|Any CPU.Build.0 = Debug|Any CPU
		{2441379F-3191-4366-904A-31D29EBEA729}.Release|Any CPU.ActiveCfg = Release|Any CPU
		{2441379F-3191-4366-904A-31D29EBEA729}.Release|Any CPU.Build.0 = Release|Any CPU
	EndGlobalSection
	GlobalSection(SolutionProperties) = preSolution
		HideSolutionNode = FALSE
	EndGlobalSection
	GlobalSection(ExtensibilityGlobals) = postSolution
		SolutionGuid = {6D032161-56E5-4D1F-8A38-0DFA8788C22F}
	EndGlobalSection
EndGlobal
